{
  "name": "slack-edge",
  "version": "0.1.1",
  "lockfileVersion": 3,
  "requires": true,
  "packages": {
    "": {
      "name": "slack-edge",
      "version": "0.1.1",
      "license": "MIT",
      "dependencies": {
        "@types/cookie": "^0.5.1",
        "cookie": "^0.5.0",
        "slack-web-api-client": "^0.2.9"
      },
      "devDependencies": {
        "prettier": "^2.8.7",
        "typescript": "^5.0.4"
      }
    },
    "node_modules/@types/cookie": {
      "version": "0.5.1",
      "resolved": "https://registry.npmjs.org/@types/cookie/-/cookie-0.5.1.tgz",
      "integrity": "sha512-COUnqfB2+ckwXXSFInsFdOAWQzCCx+a5hq2ruyj+Vjund94RJQd4LG2u9hnvJrTgunKAaax7ancBYlDrNYxA0g=="
    },
    "node_modules/cookie": {
      "version": "0.5.0",
      "resolved": "https://registry.npmjs.org/cookie/-/cookie-0.5.0.tgz",
      "integrity": "sha512-YZ3GUyn/o8gfKJlnlX7g7xq4gyO6OSuhGPKaaGssGB2qgDUS0gPgtTvoyZLTt9Ab6dC4hfc9dV5arkvc/OCmrw==",
      "engines": {
        "node": ">= 0.6"
      }
    },
    "node_modules/prettier": {
      "version": "2.8.7",
      "resolved": "https://registry.npmjs.org/prettier/-/prettier-2.8.7.tgz",
      "integrity": "sha512-yPngTo3aXUUmyuTjeTUT75txrf+aMh9FiD7q9ZE/i6r0bPb22g4FsE6Y338PQX1bmfy08i9QQCB7/rcUAVntfw==",
      "dev": true,
      "bin": {
        "prettier": "bin-prettier.js"
      },
      "engines": {
        "node": ">=10.13.0"
      },
      "funding": {
        "url": "https://github.com/prettier/prettier?sponsor=1"
      }
    },
    "node_modules/slack-web-api-client": {
      "version": "0.2.9",
      "resolved": "https://registry.npmjs.org/slack-web-api-client/-/slack-web-api-client-0.2.9.tgz",
      "integrity": "sha512-NAeBss1X5QkLjk8iVbXe0DFZa1nKr9zb6jSGGAQ1QUJCX0bTE7u313EGe1CQZwwIkYUgMK7yK4LHWqjsgQrF/w=="
    },
    "node_modules/typescript": {
      "version": "5.0.4",
      "resolved": "https://registry.npmjs.org/typescript/-/typescript-5.0.4.tgz",
      "integrity": "sha512-cW9T5W9xY37cc+jfEnaUvX91foxtHkza3Nw3wkoF4sSlKn0MONdkdEndig/qPBWXNkmplh3NzayQzCiHM4/hqw==",
      "dev": true,
      "bin": {
        "tsc": "bin/tsc",
        "tsserver": "bin/tsserver"
      },
      "engines": {
        "node": ">=12.20"
      }
    }
  }
}
